
Microsoft Visual Studio Solution File, Format Version 12.00
# Visual Studio Version 17
VisualStudioVersion = 17.2.32616.157
MinimumVisualStudioVersion = 10.0.40219.1
Project("{FAE04EC0-301F-11D3-BF4B-00C04F79EFBC}") = "TextAnalyze", "TextAnalyze\TextAnalyze.csproj", "{808C97CE-9B7E-4AE4-8997-0ACC7B47F83B}"
EndProject
Global
	GlobalSection(SolutionConfigurationPlatforms) = preSolution
		Debug|Any CPU = Debug|Any CPU
		Release|Any CPU = Release|Any CPU
	EndGlobalSection
	GlobalSection(ProjectConfigurationPlatforms) = postSolution
		{808C97CE-9B7E-4AE4-8997-0ACC7B47F83B}.Debug|Any CPU.ActiveCfg = Debug|Any CPU
		{808C97CE-9B7E-4AE4-8997-0ACC7B47F83B}.Debug|Any CPU.Build.0 = Debug|Any CPU
		{808C97CE-9B7E-4AE4-8997-0ACC7B47F83B}.Release|Any CPU.ActiveCfg = Release|Any CPU
		{808C97CE-9B7E-4AE4-8997-0ACC7B47F83B}.Release|Any CPU.Build.0 = Release|Any CPU
	EndGlobalSection
	GlobalSection(SolutionProperties) = preSolution
		HideSolutionNode = FALSE
	EndGlobalSection
	GlobalSection(ExtensibilityGlobals) = postSolution
		SolutionGuid = {5EDE845D-99B1-49DA-9278-88ADB9597249}
	EndGlobalSection
EndGlobal
